
Microsoft Visual Studio Solution File, Format Version 12.00
# Visual Studio Version 16
VisualStudioVersion = 16.0.30011.22
MinimumVisualStudioVersion = 10.0.40219.1
Project("{9A19103F-16F7-4668-BE54-9A1E7A4F7556}") = "UrlsDNsAndDeviceAddresses", "UrlsDNsAndDeviceAddresses.csproj", "{04B89D65-E340-4F1D-9161-47AC45C0778E}"
EndProject
Global
	GlobalSection(SolutionConfigurationPlatforms) = preSolution
		Debug|Any CPU = Debug|Any CPU
		Release|Any CPU = Release|Any CPU
	EndGlobalSection
	GlobalSection(ProjectConfigurationPlatforms) = postSolution
		{04B89D65-E340-4F1D-9161-47AC45C0778E}.Debug|Any CPU.ActiveCfg = Debug|Any CPU
		{04B89D65-E340-4F1D-9161-47AC45C0778E}.Debug|Any CPU.Build.0 = Debug|Any CPU
		{04B89D65-E340-4F1D-9161-47AC45C0778E}.Release|Any CPU.ActiveCfg = Release|Any CPU
		{04B89D65-E340-4F1D-9161-47AC45C0778E}.Release|Any CPU.Build.0 = Release|Any CPU
	EndGlobalSection
	GlobalSection(SolutionProperties) = preSolution
		HideSolutionNode = FALSE
	EndGlobalSection
	GlobalSection(ExtensibilityGlobals) = postSolution
		SolutionGuid = {E337B421-05BD-4928-A8B6-D0023BF1F273}
	EndGlobalSection
EndGlobal
